{
    "version": 3,
    "terraform_version": "0.9.8",
    "serial": 6,
    "lineage": "73214034-2c6c-48c4-ab42-556a03f7f247",
    "modules": [
        {
            "path": [
                "root"
            ],
            "outputs": {},
            "resources": {
                "aws_vpc.main-vpc": {
                    "type": "aws_vpc",
                    "depends_on": [],
                    "primary": {
                        "id": "vpc-eef00688",
                        "attributes": {
                            "assign_generated_ipv6_cidr_block": "false",
                            "cidr_block": "10.0.0.0/16",
                            "default_network_acl_id": "acl-81db66e7",
                            "default_route_table_id": "rtb-1bf8887d",
                            "default_security_group_id": "sg-0b31d171",
                            "dhcp_options_id": "dopt-fbb6699c",
                            "enable_classiclink": "false",
                            "enable_dns_hostnames": "false",
                            "enable_dns_support": "true",
                            "id": "vpc-eef00688",
                            "instance_tenancy": "default",
                            "main_route_table_id": "rtb-1bf8887d",
                            "tags.%": "1",
                            "tags.Name": "test-vpc"
                        },
                        "meta": {
                            "schema_version": "1"
                        },
                        "tainted": false
                    },
                    "deposed": [],
                    "provider": ""
                }
            },
            "depends_on": []
        }
    ]
}
