{
    "version": 3,
    "terraform_version": "0.9.8",
    "serial": 2,
    "lineage": "ebadf676-45d8-4747-b41e-a07cb9c823fc",
    "modules": [
        {
            "path": [
                "root"
            ],
            "outputs": {},
            "resources": {
                "aws_eip.main-eip": {
                    "type": "aws_eip",
                    "depends_on": [],
                    "primary": {
                        "id": "eipalloc-92e4cea8",
                        "attributes": {
                            "association_id": "",
                            "domain": "vpc",
                            "id": "eipalloc-92e4cea8",
                            "instance": "",
                            "network_interface": "",
                            "private_ip": "",
                            "public_ip": "34.211.123.20",
                            "vpc": "true"
                        },
                        "meta": {},
                        "tainted": false
                    },
                    "deposed": [],
                    "provider": ""
                },
                "aws_internet_gateway.main-igw": {
                    "type": "aws_internet_gateway",
                    "depends_on": [
                        "aws_vpc.main-vpc"
                    ],
                    "primary": {
                        "id": "igw-c7e14ca0",
                        "attributes": {
                            "id": "igw-c7e14ca0",
                            "tags.%": "1",
                            "tags.Name": "test-igw",
                            "vpc_id": "vpc-509b6c36"
                        },
                        "meta": {},
                        "tainted": false
                    },
                    "deposed": [],
                    "provider": ""
                },
                "aws_nat_gateway.main-nat-gw": {
                    "type": "aws_nat_gateway",
                    "depends_on": [
                        "aws_eip.main-eip",
                        "aws_subnet.main-pub-subnet1"
                    ],
                    "primary": {
                        "id": "nat-0d581f9a1270a4905",
                        "attributes": {
                            "allocation_id": "eipalloc-92e4cea8",
                            "id": "nat-0d581f9a1270a4905",
                            "network_interface_id": "eni-373cf31a",
                            "private_ip": "10.0.1.108",
                            "public_ip": "34.211.123.20",
                            "subnet_id": "subnet-10686877"
                        },
                        "meta": {},
                        "tainted": false
                    },
                    "deposed": [],
                    "provider": ""
                },
                "aws_route_table.main-rt-pub": {
                    "type": "aws_route_table",
                    "depends_on": [
                        "aws_internet_gateway.main-igw",
                        "aws_vpc.main-vpc"
                    ],
                    "primary": {
                        "id": "rtb-1d6d1c7b",
                        "attributes": {
                            "id": "rtb-1d6d1c7b",
                            "propagating_vgws.#": "0",
                            "route.#": "1",
                            "route.4184240351.cidr_block": "0.0.0.0/0",
                            "route.4184240351.egress_only_gateway_id": "",
                            "route.4184240351.gateway_id": "igw-c7e14ca0",
                            "route.4184240351.instance_id": "",
                            "route.4184240351.ipv6_cidr_block": "",
                            "route.4184240351.nat_gateway_id": "",
                            "route.4184240351.network_interface_id": "",
                            "route.4184240351.vpc_peering_connection_id": "",
                            "tags.%": "1",
                            "tags.Name": "test-rt-pub",
                            "vpc_id": "vpc-509b6c36"
                        },
                        "meta": {},
                        "tainted": false
                    },
                    "deposed": [],
                    "provider": ""
                },
                "aws_route_table.main-rt-pvt": {
                    "type": "aws_route_table",
                    "depends_on": [
                        "aws_nat_gateway.main-nat-gw",
                        "aws_vpc.main-vpc"
                    ],
                    "primary": {
                        "id": "rtb-656f1e03",
                        "attributes": {
                            "id": "rtb-656f1e03",
                            "propagating_vgws.#": "0",
                            "route.#": "1",
                            "route.4034614719.cidr_block": "0.0.0.0/0",
                            "route.4034614719.egress_only_gateway_id": "",
                            "route.4034614719.gateway_id": "",
                            "route.4034614719.instance_id": "",
                            "route.4034614719.ipv6_cidr_block": "",
                            "route.4034614719.nat_gateway_id": "nat-0d581f9a1270a4905",
                            "route.4034614719.network_interface_id": "",
                            "route.4034614719.vpc_peering_connection_id": "",
                            "tags.%": "1",
                            "tags.Name": "test-rt-pvt",
                            "vpc_id": "vpc-509b6c36"
                        },
                        "meta": {},
                        "tainted": false
                    },
                    "deposed": [],
                    "provider": ""
                },
                "aws_route_table_association.main-rt-asso1": {
                    "type": "aws_route_table_association",
                    "depends_on": [
                        "aws_route_table.main-rt-pub",
                        "aws_subnet.main-pub-subnet1"
                    ],
                    "primary": {
                        "id": "rtbassoc-ab2e68d2",
                        "attributes": {
                            "id": "rtbassoc-ab2e68d2",
                            "route_table_id": "rtb-1d6d1c7b",
                            "subnet_id": "subnet-10686877"
                        },
                        "meta": {},
                        "tainted": false
                    },
                    "deposed": [],
                    "provider": ""
                },
                "aws_route_table_association.main-rt-asso2": {
                    "type": "aws_route_table_association",
                    "depends_on": [
                        "aws_route_table.main-rt-pub",
                        "aws_subnet.main-pub-subnet2"
                    ],
                    "primary": {
                        "id": "rtbassoc-c92b6db0",
                        "attributes": {
                            "id": "rtbassoc-c92b6db0",
                            "route_table_id": "rtb-1d6d1c7b",
                            "subnet_id": "subnet-052e754c"
                        },
                        "meta": {},
                        "tainted": false
                    },
                    "deposed": [],
                    "provider": ""
                },
                "aws_route_table_association.main-rt-asso3": {
                    "type": "aws_route_table_association",
                    "depends_on": [
                        "aws_route_table.main-rt-pvt",
                        "aws_subnet.main-pvt-subnet1"
                    ],
                    "primary": {
                        "id": "rtbassoc-a12e68d8",
                        "attributes": {
                            "id": "rtbassoc-a12e68d8",
                            "route_table_id": "rtb-656f1e03",
                            "subnet_id": "subnet-5a69693d"
                        },
                        "meta": {},
                        "tainted": false
                    },
                    "deposed": [],
                    "provider": ""
                },
                "aws_route_table_association.main-rt-asso4": {
                    "type": "aws_route_table_association",
                    "depends_on": [
                        "aws_route_table.main-rt-pvt",
                        "aws_subnet.main-pvt-subnet2"
                    ],
                    "primary": {
                        "id": "rtbassoc-482f6931",
                        "attributes": {
                            "id": "rtbassoc-482f6931",
                            "route_table_id": "rtb-656f1e03",
                            "subnet_id": "subnet-5b2d7612"
                        },
                        "meta": {},
                        "tainted": false
                    },
                    "deposed": [],
                    "provider": ""
                },
                "aws_subnet.main-pub-subnet1": {
                    "type": "aws_subnet",
                    "depends_on": [
                        "aws_vpc.main-vpc"
                    ],
                    "primary": {
                        "id": "subnet-10686877",
                        "attributes": {
                            "assign_ipv6_address_on_creation": "false",
                            "availability_zone": "us-west-2a",
                            "cidr_block": "10.0.1.0/24",
                            "id": "subnet-10686877",
                            "map_public_ip_on_launch": "false",
                            "tags.%": "1",
                            "tags.Name": "test-pub-sn-1",
                            "vpc_id": "vpc-509b6c36"
                        },
                        "meta": {
                            "schema_version": "1"
                        },
                        "tainted": false
                    },
                    "deposed": [],
                    "provider": ""
                },
                "aws_subnet.main-pub-subnet2": {
                    "type": "aws_subnet",
                    "depends_on": [
                        "aws_vpc.main-vpc"
                    ],
                    "primary": {
                        "id": "subnet-052e754c",
                        "attributes": {
                            "assign_ipv6_address_on_creation": "false",
                            "availability_zone": "us-west-2b",
                            "cidr_block": "10.0.0.0/24",
                            "id": "subnet-052e754c",
                            "map_public_ip_on_launch": "false",
                            "tags.%": "1",
                            "tags.Name": "test-pub-sn-2",
                            "vpc_id": "vpc-509b6c36"
                        },
                        "meta": {
                            "schema_version": "1"
                        },
                        "tainted": false
                    },
                    "deposed": [],
                    "provider": ""
                },
                "aws_subnet.main-pvt-subnet1": {
                    "type": "aws_subnet",
                    "depends_on": [
                        "aws_vpc.main-vpc"
                    ],
                    "primary": {
                        "id": "subnet-5a69693d",
                        "attributes": {
                            "assign_ipv6_address_on_creation": "false",
                            "availability_zone": "us-west-2a",
                            "cidr_block": "10.0.2.0/24",
                            "id": "subnet-5a69693d",
                            "map_public_ip_on_launch": "false",
                            "tags.%": "1",
                            "tags.Name": "test-pvt-sn-1",
                            "vpc_id": "vpc-509b6c36"
                        },
                        "meta": {
                            "schema_version": "1"
                        },
                        "tainted": false
                    },
                    "deposed": [],
                    "provider": ""
                },
                "aws_subnet.main-pvt-subnet2": {
                    "type": "aws_subnet",
                    "depends_on": [
                        "aws_vpc.main-vpc"
                    ],
                    "primary": {
                        "id": "subnet-5b2d7612",
                        "attributes": {
                            "assign_ipv6_address_on_creation": "false",
                            "availability_zone": "us-west-2b",
                            "cidr_block": "10.0.3.0/24",
                            "id": "subnet-5b2d7612",
                            "map_public_ip_on_launch": "false",
                            "tags.%": "1",
                            "tags.Name": "test-pvt-sn-2",
                            "vpc_id": "vpc-509b6c36"
                        },
                        "meta": {
                            "schema_version": "1"
                        },
                        "tainted": false
                    },
                    "deposed": [],
                    "provider": ""
                },
                "aws_vpc.main-vpc": {
                    "type": "aws_vpc",
                    "depends_on": [],
                    "primary": {
                        "id": "vpc-509b6c36",
                        "attributes": {
                            "assign_generated_ipv6_cidr_block": "false",
                            "cidr_block": "10.0.0.0/16",
                            "default_network_acl_id": "acl-af13a0c9",
                            "default_route_table_id": "rtb-f4512092",
                            "default_security_group_id": "sg-3562854f",
                            "dhcp_options_id": "dopt-fbb6699c",
                            "enable_classiclink": "false",
                            "enable_dns_hostnames": "false",
                            "enable_dns_support": "true",
                            "id": "vpc-509b6c36",
                            "instance_tenancy": "default",
                            "main_route_table_id": "rtb-f4512092",
                            "tags.%": "1",
                            "tags.Name": "test-vpc"
                        },
                        "meta": {
                            "schema_version": "1"
                        },
                        "tainted": false
                    },
                    "deposed": [],
                    "provider": ""
                }
            },
            "depends_on": []
        }
    ]
}
